
Microsoft Visual Studio Solution File, Format Version 12.00
# Visual Studio Version 17
VisualStudioVersion = 17.1.32228.430
MinimumVisualStudioVersion = 10.0.40219.1
Project("{9A19103F-16F7-4668-BE54-9A1E7A4F7556}") = "Jubilant.Core.Api", "Jubilant.Core.Api\Jubilant.Core.Api.csproj", "{9A14AEB3-E885-4D97-9A1C-3D7EAE2AC40F}"
EndProject
Project("{FAE04EC0-301F-11D3-BF4B-00C04F79EFBC}") = "Jubilant.Core.Api.Tests.Unit", "Jubilant.Core.Api.Tests.Unit\Jubilant.Core.Api.Tests.Unit.csproj", "{71283F07-271C-4974-8678-BA297626BAE2}"
EndProject
Global
	GlobalSection(SolutionConfigurationPlatforms) = preSolution
		Debug|Any CPU = Debug|Any CPU
		Release|Any CPU = Release|Any CPU
	EndGlobalSection
	GlobalSection(ProjectConfigurationPlatforms) = postSolution
		{9A14AEB3-E885-4D97-9A1C-3D7EAE2AC40F}.Debug|Any CPU.ActiveCfg = Debug|Any CPU
		{9A14AEB3-E885-4D97-9A1C-3D7EAE2AC40F}.Debug|Any CPU.Build.0 = Debug|Any CPU
		{9A14AEB3-E885-4D97-9A1C-3D7EAE2AC40F}.Release|Any CPU.ActiveCfg = Release|Any CPU
		{9A14AEB3-E885-4D97-9A1C-3D7EAE2AC40F}.Release|Any CPU.Build.0 = Release|Any CPU
		{71283F07-271C-4974-8678-BA297626BAE2}.Debug|Any CPU.ActiveCfg = Debug|Any CPU
		{71283F07-271C-4974-8678-BA297626BAE2}.Debug|Any CPU.Build.0 = Debug|Any CPU
		{71283F07-271C-4974-8678-BA297626BAE2}.Release|Any CPU.ActiveCfg = Release|Any CPU
		{71283F07-271C-4974-8678-BA297626BAE2}.Release|Any CPU.Build.0 = Release|Any CPU
	EndGlobalSection
	GlobalSection(SolutionProperties) = preSolution
		HideSolutionNode = FALSE
	EndGlobalSection
	GlobalSection(ExtensibilityGlobals) = postSolution
		SolutionGuid = {4E1CF9C4-D672-46C7-B72A-B6FD754489A6}
	EndGlobalSection
EndGlobal
